
Microsoft Visual Studio Solution File, Format Version 12.00
# Visual Studio Version 17
VisualStudioVersion = 17.5.33424.131
MinimumVisualStudioVersion = 10.0.40219.1
Project("{9A19103F-16F7-4668-BE54-9A1E7A4F7556}") = "WSAustral", "WSAustral\WSAustral.csproj", "{5692D038-6A5A-431D-A1DB-DC9F02D7ED80}"
EndProject
Project("{9A19103F-16F7-4668-BE54-9A1E7A4F7556}") = "WSAustral.Modelos", "WSAustral.Modelos\WSAustral.Modelos.csproj", "{AB357869-D641-4DD8-8C77-D01F6523B894}"
EndProject
Project("{9A19103F-16F7-4668-BE54-9A1E7A4F7556}") = "WSAustral.Core", "WSAustral.Core\WSAustral.Core.csproj", "{752ACDA2-5051-4C90-9478-72B4ECC93DEB}"
EndProject
Project("{9A19103F-16F7-4668-BE54-9A1E7A4F7556}") = "WSAustral.Core.Dapper", "WSAustral.Core.Dapper\WSAustral.Core.Dapper.csproj", "{7A3478FB-65A8-449A-86B9-AE751AA51A6A}"
EndProject
Project("{FAE04EC0-301F-11D3-BF4B-00C04F79EFBC}") = "WSAustral.UnitOfWork", "WSAustral.UnitOfWork\WSAustral.UnitOfWork.csproj", "{7899CB4C-F97F-406A-A0E4-17914B241E91}"
EndProject
Global
	GlobalSection(SolutionConfigurationPlatforms) = preSolution
		Debug|Any CPU = Debug|Any CPU
		Release|Any CPU = Release|Any CPU
	EndGlobalSection
	GlobalSection(ProjectConfigurationPlatforms) = postSolution
		{5692D038-6A5A-431D-A1DB-DC9F02D7ED80}.Debug|Any CPU.ActiveCfg = Debug|Any CPU
		{5692D038-6A5A-431D-A1DB-DC9F02D7ED80}.Debug|Any CPU.Build.0 = Debug|Any CPU
		{5692D038-6A5A-431D-A1DB-DC9F02D7ED80}.Release|Any CPU.ActiveCfg = Release|Any CPU
		{5692D038-6A5A-431D-A1DB-DC9F02D7ED80}.Release|Any CPU.Build.0 = Release|Any CPU
		{AB357869-D641-4DD8-8C77-D01F6523B894}.Debug|Any CPU.ActiveCfg = Debug|Any CPU
		{AB357869-D641-4DD8-8C77-D01F6523B894}.Debug|Any CPU.Build.0 = Debug|Any CPU
		{AB357869-D641-4DD8-8C77-D01F6523B894}.Release|Any CPU.ActiveCfg = Release|Any CPU
		{AB357869-D641-4DD8-8C77-D01F6523B894}.Release|Any CPU.Build.0 = Release|Any CPU
		{752ACDA2-5051-4C90-9478-72B4ECC93DEB}.Debug|Any CPU.ActiveCfg = Debug|Any CPU
		{752ACDA2-5051-4C90-9478-72B4ECC93DEB}.Debug|Any CPU.Build.0 = Debug|Any CPU
		{752ACDA2-5051-4C90-9478-72B4ECC93DEB}.Release|Any CPU.ActiveCfg = Release|Any CPU
		{752ACDA2-5051-4C90-9478-72B4ECC93DEB}.Release|Any CPU.Build.0 = Release|Any CPU
		{7A3478FB-65A8-449A-86B9-AE751AA51A6A}.Debug|Any CPU.ActiveCfg = Debug|Any CPU
		{7A3478FB-65A8-449A-86B9-AE751AA51A6A}.Debug|Any CPU.Build.0 = Debug|Any CPU
		{7A3478FB-65A8-449A-86B9-AE751AA51A6A}.Release|Any CPU.ActiveCfg = Release|Any CPU
		{7A3478FB-65A8-449A-86B9-AE751AA51A6A}.Release|Any CPU.Build.0 = Release|Any CPU
		{7899CB4C-F97F-406A-A0E4-17914B241E91}.Debug|Any CPU.ActiveCfg = Debug|Any CPU
		{7899CB4C-F97F-406A-A0E4-17914B241E91}.Debug|Any CPU.Build.0 = Debug|Any CPU
		{7899CB4C-F97F-406A-A0E4-17914B241E91}.Release|Any CPU.ActiveCfg = Release|Any CPU
		{7899CB4C-F97F-406A-A0E4-17914B241E91}.Release|Any CPU.Build.0 = Release|Any CPU
	EndGlobalSection
	GlobalSection(SolutionProperties) = preSolution
		HideSolutionNode = FALSE
	EndGlobalSection
	GlobalSection(ExtensibilityGlobals) = postSolution
		SolutionGuid = {95E00336-7F53-4284-B0E8-2F8C582690CB}
	EndGlobalSection
EndGlobal
